// !$*UTF8*$!
{
	archiveVersion = 1;
	classes = {
	};
	objectVersion = 70;
	objects = {

/* Begin PBXBuildFile section */
		A4106F242F27DEFD00222C5E /* StepbyStepApp.swift in Sources */ = {isa = PBXBuildFile; fileRef = A4106F232F27DEFD00222C5E /* StepbyStepApp.swift */; };
		A4106F282F27DEFE00222C5E /* Assets.xcassets in Resources */ = {isa = PBXBuildFile; fileRef = A4106F272F27DEFE00222C5E /* Assets.xcassets */; };
		A4106F2B2F27DEFE00222C5E /* Preview Assets.xcassets in Resources */ = {isa = PBXBuildFile; fileRef = A4106F2A2F27DEFE00222C5E /* Preview Assets.xcassets */; };
		A4106F2D2F27DEFE00222C5E /* Persistence.swift in Sources */ = {isa = PBXBuildFile; fileRef = A4106F2C2F27DEFE00222C5E /* Persistence.swift */; };
		A4106F302F27DEFE00222C5E /* StepbyStep.xcdatamodeld in Sources */ = {isa = PBXBuildFile; fileRef = A4106F2E2F27DEFE00222C5E /* StepbyStep.xcdatamodeld */; };
		A4106F362F27EACD00222C5E /* ContentView.swift in Sources */ = {isa = PBXBuildFile; fileRef = A4106F252F27DEFD00222C5E /* ContentView.swift */; };
		A49881972F2952060008BBA8 /* WidgetKit.framework in Frameworks */ = {isa = PBXBuildFile; fileRef = A49881962F2952060008BBA8 /* WidgetKit.framework */; };
		A49881992F2952060008BBA8 /* SwiftUI.framework in Frameworks */ = {isa = PBXBuildFile; fileRef = A49881982F2952060008BBA8 /* SwiftUI.framework */; };
		A49881A82F2952080008BBA8 /* CloserWidgetExtension.appex in Embed Foundation Extensions */ = {isa = PBXBuildFile; fileRef = A49881942F2952060008BBA8 /* CloserWidgetExtension.appex */; settings = {ATTRIBUTES = (RemoveHeadersOnCopy, ); }; };
/* End PBXBuildFile section */

/* Begin PBXContainerItemProxy section */
		A49881A62F2952080008BBA8 /* PBXContainerItemProxy */ = {
			isa = PBXContainerItemProxy;
			containerPortal = A4106F182F27DEFD00222C5E /* Project object */;
			proxyType = 1;
			remoteGlobalIDString = A49881932F2952060008BBA8;
			remoteInfo = CloserWidgetExtension;
		};
/* End PBXContainerItemProxy section */

/* Begin PBXCopyFilesBuildPhase section */
		A49881AD2F2952080008BBA8 /* Embed Foundation Extensions */ = {
			isa = PBXCopyFilesBuildPhase;
			buildActionMask = 2147483647;
			dstPath = "";
			dstSubfolderSpec = 13;
			files = (
				A49881A82F2952080008BBA8 /* CloserWidgetExtension.appex in Embed Foundation Extensions */,
			);
			name = "Embed Foundation Extensions";
			runOnlyForDeploymentPostprocessing = 0;
		};
/* End PBXCopyFilesBuildPhase section */

/* Begin PBXFileReference section */
		A4106F202F27DEFD00222C5E /* StepbyStep.app */ = {isa = PBXFileReference; explicitFileType = wrapper.application; includeInIndex = 0; path = StepbyStep.app; sourceTree = BUILT_PRODUCTS_DIR; };
		A4106F232F27DEFD00222C5E /* StepbyStepApp.swift */ = {isa = PBXFileReference; lastKnownFileType = sourcecode.swift; path = StepbyStepApp.swift; sourceTree = "<group>"; };
		A4106F252F27DEFD00222C5E /* ContentView.swift */ = {isa = PBXFileReference; lastKnownFileType = sourcecode.swift; path = ContentView.swift; sourceTree = "<group>"; };
		A4106F272F27DEFE00222C5E /* Assets.xcassets */ = {isa = PBXFileReference; lastKnownFileType = folder.assetcatalog; path = Assets.xcassets; sourceTree = "<group>"; };
		A4106F2A2F27DEFE00222C5E /* Preview Assets.xcassets */ = {isa = PBXFileReference; lastKnownFileType = folder.assetcatalog; path = "Preview Assets.xcassets"; sourceTree = "<group>"; };
		A4106F2C2F27DEFE00222C5E /* Persistence.swift */ = {isa = PBXFileReference; lastKnownFileType = sourcecode.swift; path = Persistence.swift; sourceTree = "<group>"; };
		A4106F2F2F27DEFE00222C5E /* StepbyStep.xcdatamodel */ = {isa = PBXFileReference; lastKnownFileType = wrapper.xcdatamodel; path = StepbyStep.xcdatamodel; sourceTree = "<group>"; };
		A498818F2F29510D0008BBA8 /* StepbyStep.entitlements */ = {isa = PBXFileReference; lastKnownFileType = text.plist.entitlements; path = StepbyStep.entitlements; sourceTree = "<group>"; };
		A49881942F2952060008BBA8 /* CloserWidgetExtension.appex */ = {isa = PBXFileReference; explicitFileType = "wrapper.app-extension"; includeInIndex = 0; path = CloserWidgetExtension.appex; sourceTree = BUILT_PRODUCTS_DIR; };
		A49881962F2952060008BBA8 /* WidgetKit.framework */ = {isa = PBXFileReference; lastKnownFileType = wrapper.framework; name = WidgetKit.framework; path = System/Library/Frameworks/WidgetKit.framework; sourceTree = SDKROOT; };
		A49881982F2952060008BBA8 /* SwiftUI.framework */ = {isa = PBXFileReference; lastKnownFileType = wrapper.framework; name = SwiftUI.framework; path = System/Library/Frameworks/SwiftUI.framework; sourceTree = SDKROOT; };
		A49881AE2F29549A0008BBA8 /* CloserWidgetExtension.entitlements */ = {isa = PBXFileReference; lastKnownFileType = text.plist.entitlements; path = CloserWidgetExtension.entitlements; sourceTree = "<group>"; };
		A49881AF2F29EFC90008BBA8 /* Info.plist */ = {isa = PBXFileReference; lastKnownFileType = text.plist; path = Info.plist; sourceTree = "<group>"; };
/* End PBXFileReference section */

/* Begin PBXFileSystemSynchronizedBuildFileExceptionSet section */
		A49881A92F2952080008BBA8 /* PBXFileSystemSynchronizedBuildFileExceptionSet */ = {
			isa = PBXFileSystemSynchronizedBuildFileExceptionSet;
			membershipExceptions = (
				Info.plist,
			);
			target = A49881932F2952060008BBA8 /* CloserWidgetExtension */;
		};
/* End PBXFileSystemSynchronizedBuildFileExceptionSet section */

/* Begin PBXFileSystemSynchronizedRootGroup section */
		A498819A2F2952060008BBA8 /* CloserWidget */ = {isa = PBXFileSystemSynchronizedRootGroup; exceptions = (A49881A92F2952080008BBA8 /* PBXFileSystemSynchronizedBuildFileExceptionSet */, ); explicitFileTypes = {}; explicitFolders = (); path = CloserWidget; sourceTree = "<group>"; };
/* End PBXFileSystemSynchronizedRootGroup section */

/* Begin PBXFrameworksBuildPhase section */
		A4106F1D2F27DEFD00222C5E /* Frameworks */ = {
			isa = PBXFrameworksBuildPhase;
			buildActionMask = 2147483647;
			files = (
			);
			runOnlyForDeploymentPostprocessing = 0;
		};
		A49881912F2952060008BBA8 /* Frameworks */ = {
			isa = PBXFrameworksBuildPhase;
			buildActionMask = 2147483647;
			files = (
				A49881992F2952060008BBA8 /* SwiftUI.framework in Frameworks */,
				A49881972F2952060008BBA8 /* WidgetKit.framework in Frameworks */,
			);
			runOnlyForDeploymentPostprocessing = 0;
		};
/* End PBXFrameworksBuildPhase section */

/* Begin PBXGroup section */
		A4106F172F27DEFD00222C5E = {
			isa = PBXGroup;
			children = (
				A49881AE2F29549A0008BBA8 /* CloserWidgetExtension.entitlements */,
				A4106F222F27DEFD00222C5E /* StepbyStep */,
				A498819A2F2952060008BBA8 /* CloserWidget */,
				A49881952F2952060008BBA8 /* Frameworks */,
				A4106F212F27DEFD00222C5E /* Products */,
			);
			sourceTree = "<group>";
		};
		A4106F212F27DEFD00222C5E /* Products */ = {
			isa = PBXGroup;
			children = (
				A4106F202F27DEFD00222C5E /* StepbyStep.app */,
				A49881942F2952060008BBA8 /* CloserWidgetExtension.appex */,
			);
			name = Products;
			sourceTree = "<group>";
		};
		A4106F222F27DEFD00222C5E /* StepbyStep */ = {
			isa = PBXGroup;
			children = (
				A49881AF2F29EFC90008BBA8 /* Info.plist */,
				A498818F2F29510D0008BBA8 /* StepbyStep.entitlements */,
				A4106F232F27DEFD00222C5E /* StepbyStepApp.swift */,
				A4106F252F27DEFD00222C5E /* ContentView.swift */,
				A4106F272F27DEFE00222C5E /* Assets.xcassets */,
				A4106F2C2F27DEFE00222C5E /* Persistence.swift */,
				A4106F2E2F27DEFE00222C5E /* StepbyStep.xcdatamodeld */,
				A4106F292F27DEFE00222C5E /* Preview Content */,
			);
			path = StepbyStep;
			sourceTree = "<group>";
		};
		A4106F292F27DEFE00222C5E /* Preview Content */ = {
			isa = PBXGroup;
			children = (
				A4106F2A2F27DEFE00222C5E /* Preview Assets.xcassets */,
			);
			path = "Preview Content";
			sourceTree = "<group>";
		};
		A49881952F2952060008BBA8 /* Frameworks */ = {
			isa = PBXGroup;
			children = (
				A49881962F2952060008BBA8 /* WidgetKit.framework */,
				A49881982F2952060008BBA8 /* SwiftUI.framework */,
			);
			name = Frameworks;
			sourceTree = "<group>";
		};
/* End PBXGroup section */

/* Begin PBXNativeTarget section */
		A4106F1F2F27DEFD00222C5E /* StepbyStep */ = {
			isa = PBXNativeTarget;
			buildConfigurationList = A4106F332F27DEFE00222C5E /* Build configuration list for PBXNativeTarget "StepbyStep" */;
			buildPhases = (
				A4106F1C2F27DEFD00222C5E /* Sources */,
				A4106F1D2F27DEFD00222C5E /* Frameworks */,
				A4106F1E2F27DEFD00222C5E /* Resources */,
				A49881AD2F2952080008BBA8 /* Embed Foundation Extensions */,
			);
			buildRules = (
			);
			dependencies = (
				A49881A72F2952080008BBA8 /* PBXTargetDependency */,
			);
			name = StepbyStep;
			productName = StepbyStep;
			productReference = A4106F202F27DEFD00222C5E /* StepbyStep.app */;
			productType = "com.apple.product-type.application";
		};
		A49881932F2952060008BBA8 /* CloserWidgetExtension */ = {
			isa = PBXNativeTarget;
			buildConfigurationList = A49881AA2F2952080008BBA8 /* Build configuration list for PBXNativeTarget "CloserWidgetExtension" */;
			buildPhases = (
				A49881902F2952060008BBA8 /* Sources */,
				A49881912F2952060008BBA8 /* Frameworks */,
				A49881922F2952060008BBA8 /* Resources */,
			);
			buildRules = (
			);
			dependencies = (
			);
			fileSystemSynchronizedGroups = (
				A498819A2F2952060008BBA8 /* CloserWidget */,
			);
			name = CloserWidgetExtension;
			packageProductDependencies = (
			);
			productName = CloserWidgetExtension;
			productReference = A49881942F2952060008BBA8 /* CloserWidgetExtension.appex */;
			productType = "com.apple.product-type.app-extension";
		};
/* End PBXNativeTarget section */

/* Begin PBXProject section */
		A4106F182F27DEFD00222C5E /* Project object */ = {
			isa = PBXProject;
			attributes = {
				BuildIndependentTargetsInParallel = 1;
				LastSwiftUpdateCheck = 2620;
				LastUpgradeCheck = 2620;
				TargetAttributes = {
					A4106F1F2F27DEFD00222C5E = {
						CreatedOnToolsVersion = 15.4;
					};
					A49881932F2952060008BBA8 = {
						CreatedOnToolsVersion = 26.2;
					};
				};
			};
			buildConfigurationList = A4106F1B2F27DEFD00222C5E /* Build configuration list for PBXProject "StepbyStep" */;
			compatibilityVersion = "Xcode 14.0";
			developmentRegion = en;
			hasScannedForEncodings = 0;
			knownRegions = (
				en,
				Base,
			);
			mainGroup = A4106F172F27DEFD00222C5E;
			productRefGroup = A4106F212F27DEFD00222C5E /* Products */;
			projectDirPath = "";
			projectRoot = "";
			targets = (
				A4106F1F2F27DEFD00222C5E /* StepbyStep */,
				A49881932F2952060008BBA8 /* CloserWidgetExtension */,
			);
		};
/* End PBXProject section */

/* Begin PBXResourcesBuildPhase section */
		A4106F1E2F27DEFD00222C5E /* Resources */ = {
			isa = PBXResourcesBuildPhase;
			buildActionMask = 2147483647;
			files = (
				A4106F2B2F27DEFE00222C5E /* Preview Assets.xcassets in Resources */,
				A4106F282F27DEFE00222C5E /* Assets.xcassets in Resources */,
			);
			runOnlyForDeploymentPostprocessing = 0;
		};
		A49881922F2952060008BBA8 /* Resources */ = {
			isa = PBXResourcesBuildPhase;
			buildActionMask = 2147483647;
			files = (
			);
			runOnlyForDeploymentPostprocessing = 0;
		};
/* End PBXResourcesBuildPhase section */

/* Begin PBXSourcesBuildPhase section */
		A4106F1C2F27DEFD00222C5E /* Sources */ = {
			isa = PBXSourcesBuildPhase;
			buildActionMask = 2147483647;
			files = (
				A4106F2D2F27DEFE00222C5E /* Persistence.swift in Sources */,
				A4106F302F27DEFE00222C5E /* StepbyStep.xcdatamodeld in Sources */,
				A4106F362F27EACD00222C5E /* ContentView.swift in Sources */,
				A4106F242F27DEFD00222C5E /* StepbyStepApp.swift in Sources */,
			);
			runOnlyForDeploymentPostprocessing = 0;
		};
		A49881902F2952060008BBA8 /* Sources */ = {
			isa = PBXSourcesBuildPhase;
			buildActionMask = 2147483647;
			files = (
			);
			runOnlyForDeploymentPostprocessing = 0;
		};
/* End PBXSourcesBuildPhase section */

/* Begin PBXTargetDependency section */
		A49881A72F2952080008BBA8 /* PBXTargetDependency */ = {
			isa = PBXTargetDependency;
			target = A49881932F2952060008BBA8 /* CloserWidgetExtension */;
			targetProxy = A49881A62F2952080008BBA8 /* PBXContainerItemProxy */;
		};
/* End PBXTargetDependency section */

/* Begin XCBuildConfiguration section */
		A4106F312F27DEFE00222C5E /* Debug */ = {
			isa = XCBuildConfiguration;
			buildSettings = {
				ALWAYS_SEARCH_USER_PATHS = NO;
				ASSETCATALOG_COMPILER_GENERATE_SWIFT_ASSET_SYMBOL_EXTENSIONS = YES;
				CLANG_ANALYZER_NONNULL = YES;
				CLANG_ANALYZER_NUMBER_OBJECT_CONVERSION = YES_AGGRESSIVE;
				CLANG_CXX_LANGUAGE_STANDARD = "gnu++20";
				CLANG_ENABLE_MODULES = YES;
				CLANG_ENABLE_OBJC_ARC = YES;
				CLANG_ENABLE_OBJC_WEAK = YES;
				CLANG_WARN_BLOCK_CAPTURE_AUTORELEASING = YES;
				CLANG_WARN_BOOL_CONVERSION = YES;
				CLANG_WARN_COMMA = YES;
				CLANG_WARN_CONSTANT_CONVERSION = YES;
				CLANG_WARN_DEPRECATED_OBJC_IMPLEMENTATIONS = YES;
				CLANG_WARN_DIRECT_OBJC_ISA_USAGE = YES_ERROR;
				CLANG_WARN_DOCUMENTATION_COMMENTS = YES;
				CLANG_WARN_EMPTY_BODY = YES;
				CLANG_WARN_ENUM_CONVERSION = YES;
				CLANG_WARN_INFINITE_RECURSION = YES;
				CLANG_WARN_INT_CONVERSION = YES;
				CLANG_WARN_NON_LITERAL_NULL_CONVERSION = YES;
				CLANG_WARN_OBJC_IMPLICIT_RETAIN_SELF = YES;
				CLANG_WARN_OBJC_LITERAL_CONVERSION = YES;
				CLANG_WARN_OBJC_ROOT_CLASS = YES_ERROR;
				CLANG_WARN_QUOTED_INCLUDE_IN_FRAMEWORK_HEADER = YES;
				CLANG_WARN_RANGE_LOOP_ANALYSIS = YES;
				CLANG_WARN_STRICT_PROTOTYPES = YES;
				CLANG_WARN_SUSPICIOUS_MOVE = YES;
				CLANG_WARN_UNGUARDED_AVAILABILITY = YES_AGGRESSIVE;
				CLANG_WARN_UNREACHABLE_CODE = YES;
				CLANG_WARN__DUPLICATE_METHOD_MATCH = YES;
				COPY_PHASE_STRIP = NO;
				DEBUG_INFORMATION_FORMAT = dwarf;
				DEVELOPMENT_TEAM = US6Z2J9TKH;
				ENABLE_STRICT_OBJC_MSGSEND = YES;
				ENABLE_TESTABILITY = YES;
				ENABLE_USER_SCRIPT_SANDBOXING = YES;
				GCC_C_LANGUAGE_STANDARD = gnu17;
				GCC_DYNAMIC_NO_PIC = NO;
				GCC_NO_COMMON_BLOCKS = YES;
				GCC_OPTIMIZATION_LEVEL = 0;
				GCC_PREPROCESSOR_DEFINITIONS = (
					"DEBUG=1",
					"$(inherited)",
				);
				GCC_WARN_64_TO_32_BIT_CONVERSION = YES;
				GCC_WARN_ABOUT_RETURN_TYPE = YES_ERROR;
				GCC_WARN_UNDECLARED_SELECTOR = YES;
				GCC_WARN_UNINITIALIZED_AUTOS = YES_AGGRESSIVE;
				GCC_WARN_UNUSED_FUNCTION = YES;
				GCC_WARN_UNUSED_VARIABLE = YES;
				IPHONEOS_DEPLOYMENT_TARGET = 17.5;
				LOCALIZATION_PREFERS_STRING_CATALOGS = YES;
				MTL_ENABLE_DEBUG_INFO = INCLUDE_SOURCE;
				MTL_FAST_MATH = YES;
				ONLY_ACTIVE_ARCH = YES;
				SDKROOT = iphoneos;
				STRING_CATALOG_GENERATE_SYMBOLS = YES;
				SWIFT_ACTIVE_COMPILATION_CONDITIONS = "DEBUG $(inherited)";
				SWIFT_OPTIMIZATION_LEVEL = "-Onone";
			};
			name = Debug;
		};
		A4106F322F27DEFE00222C5E /* Release */ = {
			isa = XCBuildConfiguration;
			buildSettings = {
				ALWAYS_SEARCH_USER_PATHS = NO;
				ASSETCATALOG_COMPILER_GENERATE_SWIFT_ASSET_SYMBOL_EXTENSIONS = YES;
				CLANG_ANALYZER_NONNULL = YES;
				CLANG_ANALYZER_NUMBER_OBJECT_CONVERSION = YES_AGGRESSIVE;
				CLANG_CXX_LANGUAGE_STANDARD = "gnu++20";
				CLANG_ENABLE_MODULES = YES;
				CLANG_ENABLE_OBJC_ARC = YES;
				CLANG_ENABLE_OBJC_WEAK = YES;
				CLANG_WARN_BLOCK_CAPTURE_AUTORELEASING = YES;
				CLANG_WARN_BOOL_CONVERSION = YES;
				CLANG_WARN_COMMA = YES;
				CLANG_WARN_CONSTANT_CONVERSION = YES;
				CLANG_WARN_DEPRECATED_OBJC_IMPLEMENTATIONS = YES;
				CLANG_WARN_DIRECT_OBJC_ISA_USAGE = YES_ERROR;
				CLANG_WARN_DOCUMENTATION_COMMENTS = YES;
				CLANG_WARN_EMPTY_BODY = YES;
				CLANG_WARN_ENUM_CONVERSION = YES;
				CLANG_WARN_INFINITE_RECURSION = YES;
				CLANG_WARN_INT_CONVERSION = YES;
				CLANG_WARN_NON_LITERAL_NULL_CONVERSION = YES;
				CLANG_WARN_OBJC_IMPLICIT_RETAIN_SELF = YES;
				CLANG_WARN_OBJC_LITERAL_CONVERSION = YES;
				CLANG_WARN_OBJC_ROOT_CLASS = YES_ERROR;
				CLANG_WARN_QUOTED_INCLUDE_IN_FRAMEWORK_HEADER = YES;
				CLANG_WARN_RANGE_LOOP_ANALYSIS = YES;
				CLANG_WARN_STRICT_PROTOTYPES = YES;
				CLANG_WARN_SUSPICIOUS_MOVE = YES;
				CLANG_WARN_UNGUARDED_AVAILABILITY = YES_AGGRESSIVE;
				CLANG_WARN_UNREACHABLE_CODE = YES;
				CLANG_WARN__DUPLICATE_METHOD_MATCH = YES;
				COPY_PHASE_STRIP = NO;
				DEBUG_INFORMATION_FORMAT = "dwarf-with-dsym";
				DEVELOPMENT_TEAM = US6Z2J9TKH;
				ENABLE_NS_ASSERTIONS = NO;
				ENABLE_STRICT_OBJC_MSGSEND = YES;
				ENABLE_USER_SCRIPT_SANDBOXING = YES;
				GCC_C_LANGUAGE_STANDARD = gnu17;
				GCC_NO_COMMON_BLOCKS = YES;
				GCC_WARN_64_TO_32_BIT_CONVERSION = YES;
				GCC_WARN_ABOUT_RETURN_TYPE = YES_ERROR;
				GCC_WARN_UNDECLARED_SELECTOR = YES;
				GCC_WARN_UNINITIALIZED_AUTOS = YES_AGGRESSIVE;
				GCC_WARN_UNUSED_FUNCTION = YES;
				GCC_WARN_UNUSED_VARIABLE = YES;
				IPHONEOS_DEPLOYMENT_TARGET = 17.5;
				LOCALIZATION_PREFERS_STRING_CATALOGS = YES;
				MTL_ENABLE_DEBUG_INFO = NO;
				MTL_FAST_MATH = YES;
				SDKROOT = iphoneos;
				STRING_CATALOG_GENERATE_SYMBOLS = YES;
				SWIFT_COMPILATION_MODE = wholemodule;
				VALIDATE_PRODUCT = YES;
			};
			name = Release;
		};
		A4106F342F27DEFE00222C5E /* Debug */ = {
			isa = XCBuildConfiguration;
			buildSettings = {
				ASSETCATALOG_COMPILER_APPICON_NAME = AppIcon;
				ASSETCATALOG_COMPILER_GLOBAL_ACCENT_COLOR_NAME = AccentColor;
				CODE_SIGN_ENTITLEMENTS = StepbyStep/StepbyStep.entitlements;
				CODE_SIGN_STYLE = Automatic;
				CURRENT_PROJECT_VERSION = 1;
				DEVELOPMENT_ASSET_PATHS = "\"StepbyStep/Preview Content\"";
				ENABLE_PREVIEWS = YES;
				GENERATE_INFOPLIST_FILE = YES;
				INFOPLIST_FILE = StepbyStep/Info.plist;
				INFOPLIST_KEY_CFBundleDisplayName = Closer;
				INFOPLIST_KEY_UIApplicationSceneManifest_Generation = YES;
				INFOPLIST_KEY_UIApplicationSupportsIndirectInputEvents = YES;
				INFOPLIST_KEY_UILaunchScreen_Generation = YES;
				INFOPLIST_KEY_UISupportedInterfaceOrientations_iPad = "UIInterfaceOrientationPortrait UIInterfaceOrientationPortraitUpsideDown UIInterfaceOrientationLandscapeLeft UIInterfaceOrientationLandscapeRight";
				INFOPLIST_KEY_UISupportedInterfaceOrientations_iPhone = "UIInterfaceOrientationPortrait UIInterfaceOrientationLandscapeLeft UIInterfaceOrientationLandscapeRight";
				IPHONEOS_DEPLOYMENT_TARGET = 18;
				LD_RUNPATH_SEARCH_PATHS = (
					"$(inherited)",
					"@executable_path/Frameworks",
				);
				MARKETING_VERSION = 1.0;
				PRODUCT_BUNDLE_IDENTIFIER = com.melisboyaci.StepbyStep;
				PRODUCT_NAME = "$(TARGET_NAME)";
				SWIFT_EMIT_LOC_STRINGS = YES;
				SWIFT_VERSION = 5.0;
				TARGETED_DEVICE_FAMILY = "1,2";
			};
			name = Debug;
		};
		A4106F352F27DEFE00222C5E /* Release */ = {
			isa = XCBuildConfiguration;
			buildSettings = {
				ASSETCATALOG_COMPILER_APPICON_NAME = AppIcon;
				ASSETCATALOG_COMPILER_GLOBAL_ACCENT_COLOR_NAME = AccentColor;
				CODE_SIGN_ENTITLEMENTS = StepbyStep/StepbyStep.entitlements;
				CODE_SIGN_STYLE = Automatic;
				CURRENT_PROJECT_VERSION = 1;
				DEVELOPMENT_ASSET_PATHS = "\"StepbyStep/Preview Content\"";
				ENABLE_PREVIEWS = YES;
				GENERATE_INFOPLIST_FILE = YES;
				INFOPLIST_FILE = StepbyStep/Info.plist;
				INFOPLIST_KEY_CFBundleDisplayName = Closer;
				INFOPLIST_KEY_UIApplicationSceneManifest_Generation = YES;
				INFOPLIST_KEY_UIApplicationSupportsIndirectInputEvents = YES;
				INFOPLIST_KEY_UILaunchScreen_Generation = YES;
				INFOPLIST_KEY_UISupportedInterfaceOrientations_iPad = "UIInterfaceOrientationPortrait UIInterfaceOrientationPortraitUpsideDown UIInterfaceOrientationLandscapeLeft UIInterfaceOrientationLandscapeRight";
				INFOPLIST_KEY_UISupportedInterfaceOrientations_iPhone = "UIInterfaceOrientationPortrait UIInterfaceOrientationLandscapeLeft UIInterfaceOrientationLandscapeRight";
				IPHONEOS_DEPLOYMENT_TARGET = 18;
				LD_RUNPATH_SEARCH_PATHS = (
					"$(inherited)",
					"@executable_path/Frameworks",
				);
				MARKETING_VERSION = 1.0;
				PRODUCT_BUNDLE_IDENTIFIER = com.melisboyaci.StepbyStep;
				PRODUCT_NAME = "$(TARGET_NAME)";
				SWIFT_EMIT_LOC_STRINGS = YES;
				SWIFT_VERSION = 5.0;
				TARGETED_DEVICE_FAMILY = "1,2";
			};
			name = Release;
		};
		A49881AB2F2952080008BBA8 /* Debug */ = {
			isa = XCBuildConfiguration;
			buildSettings = {
				ASSETCATALOG_COMPILER_GLOBAL_ACCENT_COLOR_NAME = AccentColor;
				ASSETCATALOG_COMPILER_WIDGET_BACKGROUND_COLOR_NAME = WidgetBackground;
				CODE_SIGN_ENTITLEMENTS = CloserWidgetExtension.entitlements;
				CODE_SIGN_STYLE = Automatic;
				CURRENT_PROJECT_VERSION = 1;
				GENERATE_INFOPLIST_FILE = YES;
				INFOPLIST_FILE = CloserWidget/Info.plist;
				INFOPLIST_KEY_CFBundleDisplayName = CloserWidget;
				INFOPLIST_KEY_NSHumanReadableCopyright = "";
				IPHONEOS_DEPLOYMENT_TARGET = 18;
				LD_RUNPATH_SEARCH_PATHS = (
					"$(inherited)",
					"@executable_path/Frameworks",
					"@executable_path/../../Frameworks",
				);
				MARKETING_VERSION = 1.0;
				PRODUCT_BUNDLE_IDENTIFIER = com.melisboyaci.StepbyStep.CloserWidget;
				PRODUCT_NAME = "$(TARGET_NAME)";
				SKIP_INSTALL = YES;
				STRING_CATALOG_GENERATE_SYMBOLS = YES;
				SWIFT_APPROACHABLE_CONCURRENCY = YES;
				SWIFT_EMIT_LOC_STRINGS = YES;
				SWIFT_UPCOMING_FEATURE_MEMBER_IMPORT_VISIBILITY = YES;
				SWIFT_VERSION = 5.0;
				TARGETED_DEVICE_FAMILY = "1,2";
			};
			name = Debug;
		};
		A49881AC2F2952080008BBA8 /* Release */ = {
			isa = XCBuildConfiguration;
			buildSettings = {
				ASSETCATALOG_COMPILER_GLOBAL_ACCENT_COLOR_NAME = AccentColor;
				ASSETCATALOG_COMPILER_WIDGET_BACKGROUND_COLOR_NAME = WidgetBackground;
				CODE_SIGN_ENTITLEMENTS = CloserWidgetExtension.entitlements;
				CODE_SIGN_STYLE = Automatic;
				CURRENT_PROJECT_VERSION = 1;
				GENERATE_INFOPLIST_FILE = YES;
				INFOPLIST_FILE = CloserWidget/Info.plist;
				INFOPLIST_KEY_CFBundleDisplayName = CloserWidget;
				INFOPLIST_KEY_NSHumanReadableCopyright = "";
				IPHONEOS_DEPLOYMENT_TARGET = 18;
				LD_RUNPATH_SEARCH_PATHS = (
					"$(inherited)",
					"@executable_path/Frameworks",
					"@executable_path/../../Frameworks",
				);
				MARKETING_VERSION = 1.0;
				PRODUCT_BUNDLE_IDENTIFIER = com.melisboyaci.StepbyStep.CloserWidget;
				PRODUCT_NAME = "$(TARGET_NAME)";
				SKIP_INSTALL = YES;
				STRING_CATALOG_GENERATE_SYMBOLS = YES;
				SWIFT_APPROACHABLE_CONCURRENCY = YES;
				SWIFT_EMIT_LOC_STRINGS = YES;
				SWIFT_UPCOMING_FEATURE_MEMBER_IMPORT_VISIBILITY = YES;
				SWIFT_VERSION = 5.0;
				TARGETED_DEVICE_FAMILY = "1,2";
			};
			name = Release;
		};
/* End XCBuildConfiguration section */

/* Begin XCConfigurationList section */
		A4106F1B2F27DEFD00222C5E /* Build configuration list for PBXProject "StepbyStep" */ = {
			isa = XCConfigurationList;
			buildConfigurations = (
				A4106F312F27DEFE00222C5E /* Debug */,
				A4106F322F27DEFE00222C5E /* Release */,
			);
			defaultConfigurationIsVisible = 0;
			defaultConfigurationName = Release;
		};
		A4106F332F27DEFE00222C5E /* Build configuration list for PBXNativeTarget "StepbyStep" */ = {
			isa = XCConfigurationList;
			buildConfigurations = (
				A4106F342F27DEFE00222C5E /* Debug */,
				A4106F352F27DEFE00222C5E /* Release */,
			);
			defaultConfigurationIsVisible = 0;
			defaultConfigurationName = Release;
		};
		A49881AA2F2952080008BBA8 /* Build configuration list for PBXNativeTarget "CloserWidgetExtension" */ = {
			isa = XCConfigurationList;
			buildConfigurations = (
				A49881AB2F2952080008BBA8 /* Debug */,
				A49881AC2F2952080008BBA8 /* Release */,
			);
			defaultConfigurationIsVisible = 0;
			defaultConfigurationName = Release;
		};
/* End XCConfigurationList section */

/* Begin XCVersionGroup section */
		A4106F2E2F27DEFE00222C5E /* StepbyStep.xcdatamodeld */ = {
			isa = XCVersionGroup;
			children = (
				A4106F2F2F27DEFE00222C5E /* StepbyStep.xcdatamodel */,
			);
			currentVersion = A4106F2F2F27DEFE00222C5E /* StepbyStep.xcdatamodel */;
			path = StepbyStep.xcdatamodeld;
			sourceTree = "<group>";
			versionGroupType = wrapper.xcdatamodel;
		};
/* End XCVersionGroup section */
	};
	rootObject = A4106F182F27DEFD00222C5E /* Project object */;
}
